
Microsoft Visual Studio Solution File, Format Version 12.00
# Visual Studio 2013
VisualStudioVersion = 12.0.21005.1
MinimumVisualStudioVersion = 10.0.40219.1
Project("{FAE04EC0-301F-11D3-BF4B-00C04F79EFBC}") = "SidderApp", "Sidder\SidderApp.csproj", "{430B51B2-9FBD-4699-9FF9-CCC5DC4D5903}"
EndProject
Global
	GlobalSection(SolutionConfigurationPlatforms) = preSolution
		Debug|Any CPU = Debug|Any CPU
		Release|Any CPU = Release|Any CPU
	EndGlobalSection
	GlobalSection(ProjectConfigurationPlatforms) = postSolution
		{430B51B2-9FBD-4699-9FF9-CCC5DC4D5903}.Debug|Any CPU.ActiveCfg = Release|Any CPU
		{430B51B2-9FBD-4699-9FF9-CCC5DC4D5903}.Debug|Any CPU.Build.0 = Release|Any CPU
		{430B51B2-9FBD-4699-9FF9-CCC5DC4D5903}.Release|Any CPU.ActiveCfg = Release|Any CPU
		{430B51B2-9FBD-4699-9FF9-CCC5DC4D5903}.Release|Any CPU.Build.0 = Release|Any CPU
	EndGlobalSection
	GlobalSection(SolutionProperties) = preSolution
		HideSolutionNode = FALSE
	EndGlobalSection
EndGlobal
